
Microsoft Visual Studio Solution File, Format Version 12.00
# Visual Studio 15
VisualStudioVersion = 15.0.28010.2036
MinimumVisualStudioVersion = 10.0.40219.1
Project("{FAE04EC0-301F-11D3-BF4B-00C04F79EFBC}") = "Ex01", "Ex01\Ex01.csproj", "{5952972B-11D1-4916-8201-D41CD2F9AA18}"
EndProject
Project("{FAE04EC0-301F-11D3-BF4B-00C04F79EFBC}") = "Ex02", "Ex02\Ex02.csproj", "{6A45D7E0-D073-4B25-AA0E-C8FD610383C8}"
EndProject
Project("{FAE04EC0-301F-11D3-BF4B-00C04F79EFBC}") = "Utils", "Utils\Utils.csproj", "{91E6D790-60AF-4230-88BB-61914F4A9E0F}"
EndProject
Project("{FAE04EC0-301F-11D3-BF4B-00C04F79EFBC}") = "Ex04", "Ex04\Ex04.csproj", "{5E4633BD-E423-4C4B-99DB-84B70FF0C0B3}"
EndProject
Project("{FAE04EC0-301F-11D3-BF4B-00C04F79EFBC}") = "Ex03", "Ex03\Ex03.csproj", "{A9015E18-42A5-41CB-BE13-C113B412AD70}"
EndProject
Project("{FAE04EC0-301F-11D3-BF4B-00C04F79EFBC}") = "Ex05", "Ex05\Ex05.csproj", "{761D2CAE-BD7C-4F27-BEBF-5DD79324A911}"
EndProject
Global
	GlobalSection(SolutionConfigurationPlatforms) = preSolution
		Debug|Any CPU = Debug|Any CPU
		Release|Any CPU = Release|Any CPU
	EndGlobalSection
	GlobalSection(ProjectConfigurationPlatforms) = postSolution
		{5952972B-11D1-4916-8201-D41CD2F9AA18}.Debug|Any CPU.ActiveCfg = Debug|Any CPU
		{5952972B-11D1-4916-8201-D41CD2F9AA18}.Debug|Any CPU.Build.0 = Debug|Any CPU
		{5952972B-11D1-4916-8201-D41CD2F9AA18}.Release|Any CPU.ActiveCfg = Release|Any CPU
		{5952972B-11D1-4916-8201-D41CD2F9AA18}.Release|Any CPU.Build.0 = Release|Any CPU
		{6A45D7E0-D073-4B25-AA0E-C8FD610383C8}.Debug|Any CPU.ActiveCfg = Debug|Any CPU
		{6A45D7E0-D073-4B25-AA0E-C8FD610383C8}.Debug|Any CPU.Build.0 = Debug|Any CPU
		{6A45D7E0-D073-4B25-AA0E-C8FD610383C8}.Release|Any CPU.ActiveCfg = Release|Any CPU
		{6A45D7E0-D073-4B25-AA0E-C8FD610383C8}.Release|Any CPU.Build.0 = Release|Any CPU
		{91E6D790-60AF-4230-88BB-61914F4A9E0F}.Debug|Any CPU.ActiveCfg = Debug|Any CPU
		{91E6D790-60AF-4230-88BB-61914F4A9E0F}.Debug|Any CPU.Build.0 = Debug|Any CPU
		{91E6D790-60AF-4230-88BB-61914F4A9E0F}.Release|Any CPU.ActiveCfg = Release|Any CPU
		{91E6D790-60AF-4230-88BB-61914F4A9E0F}.Release|Any CPU.Build.0 = Release|Any CPU
		{5E4633BD-E423-4C4B-99DB-84B70FF0C0B3}.Debug|Any CPU.ActiveCfg = Debug|Any CPU
		{5E4633BD-E423-4C4B-99DB-84B70FF0C0B3}.Debug|Any CPU.Build.0 = Debug|Any CPU
		{5E4633BD-E423-4C4B-99DB-84B70FF0C0B3}.Release|Any CPU.ActiveCfg = Release|Any CPU
		{5E4633BD-E423-4C4B-99DB-84B70FF0C0B3}.Release|Any CPU.Build.0 = Release|Any CPU
		{A9015E18-42A5-41CB-BE13-C113B412AD70}.Debug|Any CPU.ActiveCfg = Debug|Any CPU
		{A9015E18-42A5-41CB-BE13-C113B412AD70}.Debug|Any CPU.Build.0 = Debug|Any CPU
		{A9015E18-42A5-41CB-BE13-C113B412AD70}.Release|Any CPU.ActiveCfg = Release|Any CPU
		{A9015E18-42A5-41CB-BE13-C113B412AD70}.Release|Any CPU.Build.0 = Release|Any CPU
		{761D2CAE-BD7C-4F27-BEBF-5DD79324A911}.Debug|Any CPU.ActiveCfg = Debug|Any CPU
		{761D2CAE-BD7C-4F27-BEBF-5DD79324A911}.Debug|Any CPU.Build.0 = Debug|Any CPU
		{761D2CAE-BD7C-4F27-BEBF-5DD79324A911}.Release|Any CPU.ActiveCfg = Release|Any CPU
		{761D2CAE-BD7C-4F27-BEBF-5DD79324A911}.Release|Any CPU.Build.0 = Release|Any CPU
	EndGlobalSection
	GlobalSection(SolutionProperties) = preSolution
		HideSolutionNode = FALSE
	EndGlobalSection
	GlobalSection(ExtensibilityGlobals) = postSolution
		SolutionGuid = {77119B9C-7BF6-4BCB-9FC4-96F2C010B32C}
	EndGlobalSection
EndGlobal
